github.com/Baozisoftware/qrcode-terminal-go v0.0.0-20170407111555-c0650d8dff0f h1:2dk3eOnYllh+wUOuDhOoC2vUVoJF/5z478ryJ+wzEII=
github.com/Baozisoftware/qrcode-terminal-go v0.0.0-20170407111555-c0650d8dff0f/go.mod h1:4a58ifQTEe2uwwsaqbh3i2un5/CBPg+At/qHpt18Tmk=
github.com/Jeffail/gabs v1.4.0 h1://5fYRRTq1edjfIrQGvdkcd22pkYUrHZ5YC/H2GJVAo=
github.com/Jeffail/gabs v1.4.0/go.mod h1:6xMvQMK4k33lb7GUUpaAPh6nKMmemQeg5d4gn7/bOXc=
github.com/Rhymen/go-whatsapp v0.0.0/go.mod h1:rdQr95g2C1xcOfM7QGOhza58HeI3I+tZ/bbluv7VazA=
github.com/Rhymen/go-whatsapp v0.1.1 h1:OK+bCugQcr2YjyYKeDzULqCtM50TPUFM6LvQtszKfcw=
github.com/Rhymen/go-whatsapp v0.1.1/go.mod h1:o7jjkvKnigfu432dMbQ/w4PH0Yp5u4Y6ysCNjUlcYCk=
github.com/Rhymen/go-whatsapp/examples/echo v0.0.0-20190325075644-cc2581bbf24d/go.mod h1:zgCiQtBtZ4P4gFWvwl9aashsdwOcbb/EHOGRmSzM8ME=
github.com/Rhymen/go-whatsapp/examples/restoreSession v0.0.0-20190325075644-cc2581bbf24d/go.mod h1:5sCUSpG616ZoSJhlt9iBNI/KXBqrVLcNUJqg7J9+8pU=
github.com/Rhymen/go-whatsapp/examples/sendImage v0.0.0-20190325075644-cc2581bbf24d/go.mod h1:RdiyhanVEGXTam+mZ3k6Y3VDCCvXYCwReOoxGozqhHw=
github.com/Rhymen/go-whatsapp/examples/sendTextMessages v0.0.0-20190325075644-cc2581bbf24d/go.mod h1:suwzklatySS3Q0+NCxCDh5hYfgXdQUWU1DNcxwAxStM=
github.com/RocketChat/Rocket.Chat.Go.SDK v0.0.0-20220708192748-b73dcb041214 h1:MdZskg1II+YVe+9ss935i8+paqqf4KEuYcTYUWSwABI=
github.com/RocketChat/Rocket.Chat.Go.SDK v0.0.0-20220708192748-b73dcb041214/go.mod h1:rjP7sIipbZcagro/6TCk6X0ZeFT2eyudH5+fve/cbBA=
github.com/RocketChat/Rocket.Chat.Go.SDK v0.0.0-20220809225255-0c827b6166bc h1:eaUW8YG7pbVoHiGzvl7KfLyr0rBYuxYYT21YKsIhe2I=
github.com/RocketChat/Rocket.Chat.Go.SDK v0.0.0-20220809225255-0c827b6166bc/go.mod h1:rjP7sIipbZcagro/6TCk6X0ZeFT2eyudH5+fve/cbBA=
github.com/RocketChat/Rocket.Chat.Go.SDK v0.0.0-20220810144218-381e7373453c h1:ktWwgxiW/DKN9PsFBbPdlcYPzIJUN86ZDp+5T4jUSAg=
github.com/RocketChat/Rocket.Chat.Go.SDK v0.0.0-20220810144218-381e7373453c/go.mod h1:rjP7sIipbZcagro/6TCk6X0ZeFT2eyudH5+fve/cbBA=
github.com/RocketChat/Rocket.Chat.Go.SDK v0.0.0-20220811115547-6c7006b790b8 h1:6t3jBHHC184NyUqWrzaHTpB4f/YWqfr1FR6YOKsOGdI=
github.com/RocketChat/Rocket.Chat.Go.SDK v0.0.0-20220811115547-6c7006b790b8/go.mod h1:rjP7sIipbZcagro/6TCk6X0ZeFT2eyudH5+fve/cbBA=
github.com/antihax/optional v1.0.0 h1:xK2lYat7ZLaVVcIuj82J8kIro4V6kDe0AUDFboUCwcg=
github.com/antihax/optional v1.0.0/go.mod h1:uupD/76wgC+ih3iEmQUL+0Ugr19nfwCT1kdvxnR2qWY=
github.com/appleboy/go-fcm v0.1.5 h1:fKbcZf/7vwGsvDkcop8a+kCHnK+tt4wXX0X7uEzwI6E=
github.com/appleboy/go-fcm v0.1.5/go.mod h1:MSxZ4LqGRsnywOjnlXJXMqbjZrG4vf+0oHitfC9HRH0=
github.com/atc0005/go-teams-notify/v2 v2.6.1 h1:t22ybzQuaQs4UJe4ceF5VYGsPhs6ir3nZOId/FBy6Go=
github.com/atc0005/go-teams-notify/v2 v2.6.1/go.mod h1:xo6GejLDHn3tWBA181F8LrllIL0xC1uRsRxq7YNXaaY=
github.com/aws/aws-sdk-go-v2 v1.16.8 h1:gOe9UPR98XSf7oEJCcojYg+N2/jCRm4DdeIsP85pIyQ=
github.com/aws/aws-sdk-go-v2 v1.16.8/go.mod h1:6CpKuLXg2w7If3ABZCl/qZ6rEgwtjZTn4eAf4RcEyuw=
github.com/aws/aws-sdk-go-v2 v1.16.9 h1:Ezgkr/ByXA+5SASNJYLzA3kjbqXoho8QVDnCSHdgMBE=
github.com/aws/aws-sdk-go-v2 v1.16.9/go.mod h1:6CpKuLXg2w7If3ABZCl/qZ6rEgwtjZTn4eAf4RcEyuw=
github.com/aws/aws-sdk-go-v2 v1.16.10 h1:+yDD0tcuHRQZgqONkpDwzepqmElQaSlFPymHRHR9mrc=
github.com/aws/aws-sdk-go-v2 v1.16.10/go.mod h1:WTACcleLz6VZTp7fak4EO5b9Q4foxbn+8PIz3PmyKlo=
github.com/aws/aws-sdk-go-v2 v1.16.11 h1:xM1ZPSvty3xVmdxiGr7ay/wlqv+MWhH0rMlyLdbC0YQ=
github.com/aws/aws-sdk-go-v2 v1.16.11/go.mod h1:WTACcleLz6VZTp7fak4EO5b9Q4foxbn+8PIz3PmyKlo=
github.com/aws/aws-sdk-go-v2 v1.16.12 h1:wbMYa2PlFysFx2GLIQojr6FJV5+OWCM/BwyHXARxETA=
github.com/aws/aws-sdk-go-v2 v1.16.12/go.mod h1:C+Ym0ag2LIghJbXhfXZ0YEEp49rBWowxKzJLUoob0ts=
github.com/aws/aws-sdk-go-v2 v1.16.13 h1:HgF7OX2q0gSZtcXoo9DMEA8A2Qk/GCxmWyM0RI7Yz2Y=
github.com/aws/aws-sdk-go-v2 v1.16.13/go.mod h1:xSyvSnzh0KLs5H4HJGeIEsNYemUWdNIl0b/rP6SIsLU=
github.com/aws/aws-sdk-go-v2/config v1.15.15 h1:yBV+J7Au5KZwOIrIYhYkTGJbifZPCkAnCFSvGsF3ui8=
github.com/aws/aws-sdk-go-v2/config v1.15.15/go.mod h1:A1Lzyy/o21I5/s2FbyX5AevQfSVXpvvIDCoVFD0BC4E=
github.com/aws/aws-sdk-go-v2/config v1.15.16 h1:tSecG2ksgzdfGrBTdcgaDHcNOWvSLF0r19kiyM2simM=
github.com/aws/aws-sdk-go-v2/config v1.15.16/go.mod h1:wX5OYan3JE7OJVHCSp0Hw7ubAf7LWrTj6Up3vLdyuQg=
github.com/aws/aws-sdk-go-v2/config v1.15.17 h1:cM/4dqEPc5SjBOeYVdUI7iL/B6jDupCesXzg3AuUzRE=
github.com/aws/aws-sdk-go-v2/config v1.15.17/go.mod h1:eatrtwIm5WdvASoYCy5oPkinfiwiYFg2jLG9tJoKzkE=
github.com/aws/aws-sdk-go-v2/config v1.16.0 h1:LxHC50cwOLxYo67NEpwpNUiOi6ngXfDpEETphSZ6bAw=
github.com/aws/aws-sdk-go-v2/config v1.16.0/go.mod h1:eatrtwIm5WdvASoYCy5oPkinfiwiYFg2jLG9tJoKzkE=
github.com/aws/aws-sdk-go-v2/config v1.16.1 h1:jasqFPOoNPXHOYGEEuvyT87ACiXhD3OkQckIm5uqi5I=
github.com/aws/aws-sdk-go-v2/config v1.16.1/go.mod h1:4SKzBMiB8lV0fw2w7eDBo/LjQyHFITN4vUUuqpurFmI=
github.com/aws/aws-sdk-go-v2/config v1.17.0 h1:e0tIuubcjp0gJQdllgEMwolWWXGK/sKAFd1tS5S6m6I=
github.com/aws/aws-sdk-go-v2/config v1.17.0/go.mod h1:4SKzBMiB8lV0fw2w7eDBo/LjQyHFITN4vUUuqpurFmI=
github.com/aws/aws-sdk-go-v2/config v1.17.1 h1:BWxTjokU/69BZ4DnLrZco6OvBDii6ToEdfBL/y5I1nA=
github.com/aws/aws-sdk-go-v2/config v1.17.1/go.mod h1:uOxDHjBemNTF2Zos+fgG0NNfE86wn1OAHDTGxjMEYi0=
github.com/aws/aws-sdk-go-v2/config v1.17.3 h1:s1As/fiVMmM3CObC4GcSaSbkhm88S6a5qn8St3wgal0=
github.com/aws/aws-sdk-go-v2/config v1.17.3/go.mod h1:tRGUOfk9Rrf6UCJm5qDlL9AizSsgvteuKX4qajAV3pU=
github.com/aws/aws-sdk-go-v2/config v1.17.4 h1:9HY1wbShqObySCHP2Z07blfrSWVX+nVxCZmUuLZKcG8=
github.com/aws/aws-sdk-go-v2/config v1.17.4/go.mod h1:ul+ru+huVpfduF9XRmGUq82T8T3K+nIFQuF6F+L+548=
github.com/aws/aws-sdk-go-v2/credentials v1.12.10 h1:7gGcMQePejwiKoDWjB9cWnpfVdnz/e5JwJFuT6OrroI=
github.com/aws/aws-sdk-go-v2/credentials v1.12.10/go.mod h1:g5eIM5XRs/OzIIK81QMBl+dAuDyoLN0VYaLP+tBqEOk=
github.com/aws/aws-sdk-go-v2/credentials v1.12.11 h1:AjEmpSUVcsbUlZpanmBltYQmwGAXSafK3LI2hCczpao=
github.com/aws/aws-sdk-go-v2/credentials v1.12.11/go.mod h1:1wkE8zBGlQGXug8EavEvvPanUO985uWvK7BTBwfaPi8=
github.com/aws/aws-sdk-go-v2/credentials v1.12.12 h1:iShu6VaWZZZfUZvlGtRjl+g1lWk44g1QmiCTD4KS0jI=
github.com/aws/aws-sdk-go-v2/credentials v1.12.12/go.mod h1:vFHC2HifIWHebmoVsfpqliKuqbAY2LaVlvy03JzF4c4=
github.com/aws/aws-sdk-go-v2/credentials v1.12.13 h1:cuPzIsjKAWBUAAk8ZUR2l02Sxafl9hiaMsc7tlnjwAY=
github.com/aws/aws-sdk-go-v2/credentials v1.12.13/go.mod h1:9fDEemXizwXrxPU1MTzv69LP/9D8HVl5qHAQO9A9ikY=
github.com/aws/aws-sdk-go-v2/credentials v1.12.14 h1:AtVG/amkjbDBfnPr/tuW2IG18HGNznP6L12Dx0rLz+Q=
github.com/aws/aws-sdk-go-v2/credentials v1.12.14/go.mod h1:opAndTyq+YN7IpVG57z2CeNuXSQMqTYxGGlYH0m0RMY=
github.com/aws/aws-sdk-go-v2/credentials v1.12.16 h1:HXczS88Pg36j8dq0KSjtHBPFs8gdRyBSS1hueeG/rxA=
github.com/aws/aws-sdk-go-v2/credentials v1.12.16/go.mod h1:eLJ+j1lwQdHJ0c56tRoDWcgss1e/laVmvW2AaOicuAw=
github.com/aws/aws-sdk-go-v2/credentials v1.12.17 h1:htUjIJOQcvIUR0jC4eLkdis1DfaLL4EUbIKUFqh2WFA=
github.com/aws/aws-sdk-go-v2/credentials v1.12.17/go.mod h1:jd1mvJulXY7ccHvcSiJceYhv06yWIIRkJnwWEA4IX+g=
github.com/aws/aws-sdk-go-v2/feature/ec2/imds v1.12.9 h1:hz8tc+OW17YqxyFFPSkvfSikbqWcyyHRyPVSTzC0+aI=
github.com/aws/aws-sdk-go-v2/feature/ec2/imds v1.12.9/go.mod h1:KDCCm4ONIdHtUloDcFvK2+vshZvx4Zmj7UMDfusuz5s=
github.com/aws/aws-sdk-go-v2/feature/ec2/imds v1.12.10 h1:x6v/oELu+w/USy9D6dmoPEzjyR4qj18lqKo16ACQZJI=
github.com/aws/aws-sdk-go-v2/feature/ec2/imds v1.12.10/go.mod h1:nWH+8PK9k4NLsOvOb3wtbFHiYeLXCxRokv4JnUN+wWs=
github.com/aws/aws-sdk-go-v2/feature/ec2/imds v1.12.11 h1:zZHPdM2x09/0F8D7XyVvQnP2/jaW7bEMmtcSCPYq/iI=
github.com/aws/aws-sdk-go-v2/feature/ec2/imds v1.12.11/go.mod h1:38Asv/UyQbDNpSXCurZRlDMjzIl6J+wUe8vY3TtUuzA=
github.com/aws/aws-sdk-go-v2/feature/ec2/imds v1.12.12 h1:wgJBHO58Pc1V1QAnzdVM3JK3WbE/6eUF0JxCZ+/izz0=
github.com/aws/aws-sdk-go-v2/feature/ec2/imds v1.12.12/go.mod h1:aZ4vZnyUuxedC7eD4JyEHpGnCz+O2sHQEx3VvAwklSE=
github.com/aws/aws-sdk-go-v2/feature/ec2/imds v1.12.13 h1:+uferi8SUDZtMloCDt24Zenyy/i71C/ua5mjUCpbpN0=
github.com/aws/aws-sdk-go-v2/feature/ec2/imds v1.12.13/go.mod h1:y0eXmsNBFIVjUE8ZBjES8myOHlMsXDz7qGT93+MVdjk=
github.com/aws/aws-sdk-go-v2/feature/ec2/imds v1.12.14 h1:NZwZFtxXGOEIiCd8jWN55lexakug543CaO68bTpoLwg=
github.com/aws/aws-sdk-go-v2/feature/ec2/imds v1.12.14/go.mod h1:5CU57SyF5jZLSIw4OOll0PG83ThXwNdkRFOc0EltD/0=
github.com/aws/aws-sdk-go-v2/internal/configsources v1.1.15 h1:bx5F2mr6H6FC7zNIQoDoUr8wEKnvmwRncujT3FYRtic=
github.com/aws/aws-sdk-go-v2/internal/configsources v1.1.15/go.mod h1:pWrr2OoHlT7M/Pd2y4HV3gJyPb3qj5qMmnPkKSNPYK4=
github.com/aws/aws-sdk-go-v2/internal/configsources v1.1.16 h1:YVn7PaQ9La7tuTvKZGlXmzXkEHdbzHlKHeBrWCTtwtA=
github.com/aws/aws-sdk-go-v2/internal/configsources v1.1.16/go.mod h1:GV1J/d4oB2fKCEoWRlYBOI6qzfpH8IXQN1d/caQGaMo=
github.com/aws/aws-sdk-go-v2/internal/configsources v1.1.17 h1:U8DZvyFFesBmK62dYC6BRXm4Cd/wPP3aPcecu3xv/F4=
github.com/aws/aws-sdk-go-v2/internal/configsources v1.1.17/go.mod h1:6qtGip7sJEyvgsLjphRZWF9qPe3xJf1mL/MM01E35Wc=
github.com/aws/aws-sdk-go-v2/internal/configsources v1.1.18 h1:OmiwoVyLKEqqD5GvB683dbSqxiOfvx4U2lDZhG2Esc4=
github.com/aws/aws-sdk-go-v2/internal/configsources v1.1.18/go.mod h1:348MLhzV1GSlZSMusdwQpXKbhD7X2gbI/TxwAPKkYZQ=
github.com/aws/aws-sdk-go-v2/internal/configsources v1.1.19 h1:gC5mudiFrWGhzcdoWj1iCGUfrzCpQG0MQIQf0CXFFQQ=
github.com/aws/aws-sdk-go-v2/internal/configsources v1.1.19/go.mod h1:llxE6bwUZhuCas0K7qGiu5OgMis3N7kdWtFSxoHmJ7E=
github.com/aws/aws-sdk-go-v2/internal/configsources v1.1.20 h1:Rk8eqZSdFovt8Id+O+i2qT0c3CY13DPn2SfGOEVlxNs=
github.com/aws/aws-sdk-go-v2/internal/configsources v1.1.20/go.mod h1:gdZ5gRUaxThXIZyZQ8MTtgYBk2jbHgp05BO3GcD9Cwc=
github.com/aws/aws-sdk-go-v2/internal/endpoints/v2 v2.4.9 h1:5sbyznZC2TeFpa4fvtpvpcGbzeXEEs1l1Jo51ynUNsQ=
github.com/aws/aws-sdk-go-v2/internal/endpoints/v2 v2.4.9/go.mod h1:08tUpeSGN33QKSO7fwxXczNfiwCpbj+GxK6XKwqWVv0=
github.com/aws/aws-sdk-go-v2/internal/endpoints/v2 v2.4.10 h1:m7pKEgyn/TI2pn2WehrmJO4CKBaKvpkSLgnDR4nckC0=
github.com/aws/aws-sdk-go-v2/internal/endpoints/v2 v2.4.10/go.mod h1:pucnblrb8XuRc/ZEi2S+jdQa3JVAfnwhytGgawh5pR4=
github.com/aws/aws-sdk-go-v2/internal/endpoints/v2 v2.4.11 h1:GMp98usVW5tzQhxd26KWhoNQPlR2noIlfbzqjVGBhLU=
github.com/aws/aws-sdk-go-v2/internal/endpoints/v2 v2.4.11/go.mod h1:cYAfnB+9ZkmZWpQWmPDsuIGm4EA+6k2ZVtxKjw/XJBY=
github.com/aws/aws-sdk-go-v2/internal/endpoints/v2 v2.4.12 h1:5mvQDtNWtI6H56+E4LUnLWEmATMB7oEh+Z9RurtIuC0=
github.com/aws/aws-sdk-go-v2/internal/endpoints/v2 v2.4.12/go.mod h1:ckaCVTEdGAxO6KwTGzgskxR1xM+iJW4lxMyDFVda2Fc=
github.com/aws/aws-sdk-go-v2/internal/endpoints/v2 v2.4.13 h1:qezY57na06d6kSE7uuB0N7XEflu914AXx/hg2L8Ykcw=
github.com/aws/aws-sdk-go-v2/internal/endpoints/v2 v2.4.13/go.mod h1:lB12mkZqCSo5PsdBFLNqc2M/OOYgNAy8UtaktyuWvE8=
github.com/aws/aws-sdk-go-v2/internal/endpoints/v2 v2.4.14 h1:6Yxuq9yrkoLYab5JXqJnto9tdRuIcYVdR+eiKjsJYWU=
github.com/aws/aws-sdk-go-v2/internal/endpoints/v2 v2.4.14/go.mod h1:GEV9jaDPIgayiU+uevxwozcvUOjc+P4aHE2BeSjm2vE=
github.com/aws/aws-sdk-go-v2/internal/ini v1.3.16 h1:f0ySVcmQhwmzn7zQozd8wBM3yuGBfzdpsOaKQ0/Epzw=
github.com/aws/aws-sdk-go-v2/internal/ini v1.3.16/go.mod h1:CYmI+7x03jjJih8kBEEFKRQc40UjUokT0k7GbvrhhTc=
github.com/aws/aws-sdk-go-v2/internal/ini v1.3.17 h1:9afA9eNkHujiJHsV6OjbBdFon6R7XSFxi1H7jU6Q6u8=
github.com/aws/aws-sdk-go-v2/internal/ini v1.3.17/go.mod h1:2C5+mYysnLDg/irvoEVXcrnco/wPF6jWb/XA7V8bOqc=
github.com/aws/aws-sdk-go-v2/internal/ini v1.3.18 h1:/spg6h3tG4pefphbvhpgdMtFMegSajPPSEJd1t8lnpc=
github.com/aws/aws-sdk-go-v2/internal/ini v1.3.18/go.mod h1:hTHq8hL4bAxJyng364s9d4IUGXZOs7Y5LSqAhIiIQ2A=
github.com/aws/aws-sdk-go-v2/internal/ini v1.3.19 h1:g5qq9sgtEzt2szMaDqQO6fqKe026T6dHTFJp5NsPzkQ=
github.com/aws/aws-sdk-go-v2/internal/ini v1.3.19/go.mod h1:cVHo8KTuHjShb9V8/VjH3S/8+xPu16qx8fdGwmotJhE=
github.com/aws/aws-sdk-go-v2/internal/ini v1.3.20 h1:GvszACAU8GSV3+Tant5GutW6smY8WavrP8ZuRS9Ku4Q=
github.com/aws/aws-sdk-go-v2/internal/ini v1.3.20/go.mod h1:bfTcsThj5a9P5pIGRy0QudJ8k4+issxXX+O6Djnd5Cs=
github.com/aws/aws-sdk-go-v2/internal/ini v1.3.21 h1:lpwSbLKYTuABo6SyUoC25xAmfO3/TehGS2SmD1EtOL0=
github.com/aws/aws-sdk-go-v2/internal/ini v1.3.21/go.mod h1:Q0pktZjvRZk77TBto6yAvUAi7fcse1bdcMctBDVGgBw=
github.com/aws/aws-sdk-go-v2/service/internal/presigned-url v1.9.9 h1:sHfDuhbOuuWSIAEDd3pma6p0JgUcR2iePxtCE8gfCxQ=
github.com/aws/aws-sdk-go-v2/service/internal/presigned-url v1.9.9/go.mod h1:yQowTpvdZkFVuHrLBXmczat4W+WJKg/PafBZnGBLga0=
github.com/aws/aws-sdk-go-v2/service/internal/presigned-url v1.9.10 h1:tdaKsL5omHQk8u+gPJHJQzbENthfFJNthqVZa5VEdPY=
github.com/aws/aws-sdk-go-v2/service/internal/presigned-url v1.9.10/go.mod h1:Jhhvc+D5yF/+Ajr/uW0ULcVDdSsUP+q59Me2AehVuUE=
github.com/aws/aws-sdk-go-v2/service/internal/presigned-url v1.9.11 h1:GkYtp4gi4wdWUV+pPetjk5y2aDxbr0t8n5OjVBwZdII=
github.com/aws/aws-sdk-go-v2/service/internal/presigned-url v1.9.11/go.mod h1:OEofCUKF7Hri4ShOCokF6k6hGq9PCB2sywt/9rLSXjY=
github.com/aws/aws-sdk-go-v2/service/internal/presigned-url v1.9.12 h1:7iPTTX4SAI2U2VOogD7/gmHlsgnYSgoNHt7MSQXtG2M=
github.com/aws/aws-sdk-go-v2/service/internal/presigned-url v1.9.12/go.mod h1:1TODGhheLWjpQWSuhYuAUWYTCKwEjx2iblIFKDHjeTc=
github.com/aws/aws-sdk-go-v2/service/internal/presigned-url v1.9.13 h1:ObfthqDyhe7rMAOa7pqft6974VHIk8BAJB7kYdoIfTA=
github.com/aws/aws-sdk-go-v2/service/internal/presigned-url v1.9.13/go.mod h1:V390DK4MQxLpDdXxFqizyz8KUxuWImkW/xzgXMz0yyk=
github.com/aws/aws-sdk-go-v2/service/internal/presigned-url v1.9.14 h1:c5hJNN2DkK1gAytcKp7LkiKNDJeevFSboPezEHAM4Ro=
github.com/aws/aws-sdk-go-v2/service/internal/presigned-url v1.9.14/go.mod h1:8qOLjqMzY/S1kh3myDXA1yxK5eD4uN8aOJgKpgvc4OM=
github.com/aws/aws-sdk-go-v2/service/ses v1.14.10 h1:FWqz8gnMN0aFjDEVk7uboh1QraNlS9hWcbDIgIunNVg=
github.com/aws/aws-sdk-go-v2/service/ses v1.14.10/go.mod h1:sgPBWnS2NHUoCFihNw1z/4V/UCyx6SNQgL3sR7OHNFE=
github.com/aws/aws-sdk-go-v2/service/ses v1.14.11 h1:GoccLfzTzXlmPcUSDGtP8U2sifUSPItUZbmnAqbK/BU=
github.com/aws/aws-sdk-go-v2/service/ses v1.14.11/go.mod h1:PMYr4TAtFquU1zhyltf27xT2b0lymv1juVYXKgj5zPk=
github.com/aws/aws-sdk-go-v2/service/ses v1.14.12 h1:3pfFSWjhwuNLbM+z5hLma3Xn+MxMNqQrFnIHezWT4QM=
github.com/aws/aws-sdk-go-v2/service/ses v1.14.12/go.mod h1:3bOhHubcunvFa5Uqd/z+vhygXeawZxG7ZBeE6d3+aJ4=
github.com/aws/aws-sdk-go-v2/service/ses v1.14.13 h1:nmgejCzBpJXmtA6IWFSWMLklKbq/28e8f0BKzXW9rfQ=
github.com/aws/aws-sdk-go-v2/service/ses v1.14.13/go.mod h1:MVF1NzKU5VhUIDJ7UDaCbdFCCUgrLts2j51IPJWYRWg=
github.com/aws/aws-sdk-go-v2/service/ses v1.14.14 h1:Bx6jmWWKnHj1Riw/xCIme+O8RcEB3xRMud3JCqquc/I=
github.com/aws/aws-sdk-go-v2/service/ses v1.14.14/go.mod h1:cXydipCqtHaUSAFNBNTEeWg3y1OeyuDGCow3d+08pew=
github.com/aws/aws-sdk-go-v2/service/ses v1.14.15 h1:HZwcYDkznb12iD/WetBKJuKaU89HCVjikznYrsY8LFk=
github.com/aws/aws-sdk-go-v2/service/ses v1.14.15/go.mod h1:jr9D5h8DHUpBwBoKVNhVJc/kOaaswB34KRo5OWvMWRY=
github.com/aws/aws-sdk-go-v2/service/sns v1.17.10 h1:ZZuqucIwjbUEJqxxR++VDZX9BcMbX5ZcQaKoWul/ELk=
github.com/aws/aws-sdk-go-v2/service/sns v1.17.10/go.mod h1:uITsRNVMeCB3MkWpXxXw0eDz8pW4TYLzj+eyQtbhSxM=
github.com/aws/aws-sdk-go-v2/service/sns v1.17.11 h1:B3jCcpykJs4ndKC5BI+OtKSzSeY4e99LJrgwCGGCjOE=
github.com/aws/aws-sdk-go-v2/service/sns v1.17.11/go.mod h1:cSl1/Vf+GZ6pWapND/9BUDV3ailIdpAyGWmh3bs1C1k=
github.com/aws/aws-sdk-go-v2/service/sns v1.17.12 h1:vX2sBCHIaIcnHXC53wIlFKM/N/3Toq9X6+8AO+geVd8=
github.com/aws/aws-sdk-go-v2/service/sns v1.17.12/go.mod h1:rp+/O/hnOcm3/vUeSRkF0oQb/zDyMCFYjaTlQoWe0+g=
github.com/aws/aws-sdk-go-v2/service/sns v1.17.13 h1:sa8NDFztt68pihEfE31LhX+nJ1wDBJHcFh3T6crluDo=
github.com/aws/aws-sdk-go-v2/service/sns v1.17.13/go.mod h1:yE3hE9v3YRRI9Rsl38kYJ4fyZ6vKSljaZ+28W5xzqgM=
github.com/aws/aws-sdk-go-v2/service/sns v1.17.16 h1:G+L6P8f4jXbxQOoSgP8P1ehBu5oefeiYZKCYIk3Pbqc=
github.com/aws/aws-sdk-go-v2/service/sns v1.17.16/go.mod h1:4WxvZBlY3vIqs/zNL7IJpP5SPf5rf2wncX8z9iJGRps=
github.com/aws/aws-sdk-go-v2/service/sso v1.11.13 h1:DQpf+al+aWozOEmVEdml67qkVZ6vdtGUi71BZZWw40k=
github.com/aws/aws-sdk-go-v2/service/sso v1.11.13/go.mod h1:d7ptRksDDgvXaUvxyHZ9SYh+iMDymm94JbVcgvSYSzU=
github.com/aws/aws-sdk-go-v2/service/sso v1.11.14 h1:X5LVih01aTPgROWK/ia7oVCKIoqzhcLLA+mFSO9GGUM=
github.com/aws/aws-sdk-go-v2/service/sso v1.11.14/go.mod h1:4yS1oBBkGkvDWG4E+EQD+Nsy8iQNebPOz5VZy6nSYzU=
github.com/aws/aws-sdk-go-v2/service/sso v1.11.15 h1:HaIE5/TtKr66qZTJpvMifDxH4lRt2JZawbkLYOo1F+Y=
github.com/aws/aws-sdk-go-v2/service/sso v1.11.15/go.mod h1:dDVD4ElJRTQXx7dOQ59EkqGyNU9tnwy1RKln+oLIOTU=
github.com/aws/aws-sdk-go-v2/service/sso v1.11.16 h1:YK8L7TNlGwMWHYqLs+i6dlITpxqzq08FqQUy26nm+T8=
github.com/aws/aws-sdk-go-v2/service/sso v1.11.16/go.mod h1:mS5xqLZc/6kc06IpXn5vRxdLaED+jEuaSRv5BxtnsiY=
github.com/aws/aws-sdk-go-v2/service/sso v1.11.17 h1:pXxu9u2z1UqSbjO9YA8kmFJBhFc1EVTDaf7A+S+Ivq8=
github.com/aws/aws-sdk-go-v2/service/sso v1.11.17/go.mod h1:mS5xqLZc/6kc06IpXn5vRxdLaED+jEuaSRv5BxtnsiY=
github.com/aws/aws-sdk-go-v2/service/sso v1.11.19 h1:WdCwfJmu23XiIDeZwclSyAorQe916M3LeHd53xqBjfA=
github.com/aws/aws-sdk-go-v2/service/sso v1.11.19/go.mod h1:ytmEi5+qwcSNcV2pVA8PIb1DnKT/0Bu/K4nfJHwoM6c=
github.com/aws/aws-sdk-go-v2/service/sso v1.11.20 h1:3raP0UC9rvRyY4/cc4o4F3jTrNo94AYiarNUGNnq6dU=
github.com/aws/aws-sdk-go-v2/service/sso v1.11.20/go.mod h1:hPsROgDdgY/NQ1gPt7VJWG0GjSnalDC0DkkMfGEw2gc=
github.com/aws/aws-sdk-go-v2/service/ssooidc v1.13.1 h1:p48IfndYbRk3iDsoQAmVXdCKEM5+7Y50JAPikjwk8gI=
github.com/aws/aws-sdk-go-v2/service/ssooidc v1.13.1/go.mod h1:NY+G+8PW0ISyJ7/6t5mgOe6qpJiwZa9Jix05WPscJjg=
github.com/aws/aws-sdk-go-v2/service/ssooidc v1.13.2 h1:/SYpdjjAtraymql+/r719OgjxezdanAQiLb/NMxDb04=
github.com/aws/aws-sdk-go-v2/service/ssooidc v1.13.2/go.mod h1:5cxfDYtY2mDOlmesy4yycb6lwyy1U/iAUOHKhQLKw/E=
github.com/aws/aws-sdk-go-v2/service/sts v1.16.10 h1:7tquJrhjYz2EsCBvA9VTl+sBAAh1bv7h/sGASdZOGGo=
github.com/aws/aws-sdk-go-v2/service/sts v1.16.10/go.mod h1:cftkHYN6tCDNfkSasAmclSfl4l7cySoay8vz7p/ce0E=
github.com/aws/aws-sdk-go-v2/service/sts v1.16.11 h1:5FrOTv3WayyUZmCu2sZ/ek8ynKNAn5rhYV32DbhNldo=
github.com/aws/aws-sdk-go-v2/service/sts v1.16.11/go.mod h1:9ADlDiYmHAsTrzCsPpGxXCcbC8mXwYKYqXPUPdriTk0=
github.com/aws/aws-sdk-go-v2/service/sts v1.16.12 h1:YU9UHPukkCCnETHEExOptF/BxPvGJKXO/NBx+RMQ/2A=
github.com/aws/aws-sdk-go-v2/service/sts v1.16.12/go.mod h1:b53qpmhHk7mTL2J/tfG6f38neZiyBQSiNXGCuNKq4+4=
github.com/aws/aws-sdk-go-v2/service/sts v1.16.13 h1:dl8T0PJlN92rvEGOEUiD0+YPYdPEaCZK0TqHukvSfII=
github.com/aws/aws-sdk-go-v2/service/sts v1.16.13/go.mod h1:Ru3QVMLygVs/07UQ3YDur1AQZZp2tUNje8wfloFttC0=
github.com/aws/aws-sdk-go-v2/service/sts v1.16.15 h1:ApuR2BK9vf5/XXsImHBBsYJ6aUhmUhBHnZMPyhJo1jQ=
github.com/aws/aws-sdk-go-v2/service/sts v1.16.15/go.mod h1:Y+BUV19q3OmQVqNUlbZ40zVi3NM6Biuxwkx/qdSD/CY=
github.com/aws/aws-sdk-go-v2/service/sts v1.16.16 h1:otZvq9r+xjPL7qU/luX2QdBamiN+oSZURRi4sAKymO8=
github.com/aws/aws-sdk-go-v2/service/sts v1.16.16/go.mod h1:Y9iBgT1w2vHtYzJEkwD6FqILjDSsvbxcW/+wIYxyse4=
github.com/aws/smithy-go v1.12.0 h1:gXpeZel/jPoWQ7OEmLIgCUnhkFftqNfwWUwAHSlp1v0=
github.com/aws/smithy-go v1.12.0/go.mod h1:Tg+OJXh4MB2R/uN61Ko2f6hTZwB/ZYGOtib8J3gBHzA=
github.com/aws/smithy-go v1.12.1 h1:yQRC55aXN/y1W10HgwHle01DRuV9Dpf31iGkotjt3Ag=
github.com/aws/smithy-go v1.12.1/go.mod h1:Tg+OJXh4MB2R/uN61Ko2f6hTZwB/ZYGOtib8J3gBHzA=
github.com/aws/smithy-go v1.13.0 h1:YfyEmSJLo7fAv8FbuDK4R8F9aAmi9DZ88Zb/KJJmUl0=
github.com/aws/smithy-go v1.13.0/go.mod h1:Tg+OJXh4MB2R/uN61Ko2f6hTZwB/ZYGOtib8J3gBHzA=
github.com/aws/smithy-go v1.13.1 h1:q09BdpUiaqpothcv393ACfWJJHzlzjB5HaNL1XHKmoQ=
github.com/aws/smithy-go v1.13.1/go.mod h1:Tg+OJXh4MB2R/uN61Ko2f6hTZwB/ZYGOtib8J3gBHzA=
github.com/blinkbean/dingtalk v0.0.0-20210905093040-7d935c0f7e19 h1:pamuM2sgLJLoMWfchc6y071z8ifalajU7btZmZNhoH4=
github.com/blinkbean/dingtalk v0.0.0-20210905093040-7d935c0f7e19/go.mod h1:9BaLuGSBqY3vT5hstValh48DbsKO7vaHaJnG9pXwbto=
github.com/bradfitz/gomemcache v0.0.0-20220106215444-fb4bf637b56d h1:pVrfxiGfwelyab6n21ZBkbkmbevaf+WvMIiR7sr97hw=
github.com/bradfitz/gomemcache v0.0.0-20220106215444-fb4bf637b56d/go.mod h1:H0wQNHz2YrLsuXOZozoeDmnHXkNCRmMW0gwFWDfEZDA=
github.com/bwmarrin/discordgo v0.25.0 h1:NXhdfHRNxtwso6FPdzW2i3uBvvU7UIQTghmV2T4nqAs=
github.com/bwmarrin/discordgo v0.25.0/go.mod h1:NJZpH+1AfhIcyQsPeuBKsUtYrRnjkyu0kIVMCHkZtRY=
github.com/bwmarrin/discordgo v0.26.0 h1:/AdFmxHXSHInYAZ7K0O3VEIXlVjGpztk/nuCr9o+JCs=
github.com/bwmarrin/discordgo v0.26.0/go.mod h1:NJZpH+1AfhIcyQsPeuBKsUtYrRnjkyu0kIVMCHkZtRY=
github.com/bwmarrin/discordgo v0.26.1 h1:AIrM+g3cl+iYBr4yBxCBp9tD9jR3K7upEjl0d89FRkE=
github.com/bwmarrin/discordgo v0.26.1/go.mod h1:NJZpH+1AfhIcyQsPeuBKsUtYrRnjkyu0kIVMCHkZtRY=
github.com/cenkalti/backoff/v4 v4.1.3 h1:cFAlzYUlVYDysBEH2T5hyJZMh3+5+WCBvSnK6Q8UtC4=
github.com/cenkalti/backoff/v4 v4.1.3/go.mod h1:scbssz8iZGpm3xbr14ovlUdkxfGXNInqkPWOWmG2CLw=
github.com/cespare/xxhash/v2 v2.1.2 h1:YRXhKfTDauu4ajMg1TPgFO5jnlC2HCbmLXMcTG5cbYE=
github.com/cespare/xxhash/v2 v2.1.2/go.mod h1:VGX0DQ3Q6kWi7AoAeZDth3/j3BFtOZR5XLFGgcrjCOs=
github.com/chzyer/logex v1.1.10/go.mod h1:+Ywpsq7O8HXn0nuIou7OrIPyXbp3wmkHB+jjWRnGsAI=
github.com/chzyer/readline v0.0.0-20180603132655-2972be24d48e/go.mod h1:nSuG5e5PlCu98SY8svDHJxuZscDgtXS6KTTbou5AhLI=
github.com/chzyer/test v0.0.0-20180213035817-a1ea475d72b1/go.mod h1:Q3SI9o4m/ZMnBNeIyt5eFwwo7qiLfzFZmjNmxjkiQlU=
github.com/cschomburg/go-pushbullet v0.0.0-20171206132031-67759df45fbb h1:7X9nrm+LNWdxzQOiCjy0G51rNUxbH35IDHCjAMvogyM=
github.com/cschomburg/go-pushbullet v0.0.0-20171206132031-67759df45fbb/go.mod h1:RfQ9wji3fjcSEsQ+uFCtIh3+BXgcZum8Kt3JxvzYzlk=
github.com/davecgh/go-spew v1.1.0/go.mod h1:J7Y8YcW2NihsgmVo/mv3lAwl/skON4iLHjSsI+c5H38=
github.com/davecgh/go-spew v1.1.1 h1:vj9j/u1bqnvCEfJOwUhtlOARqs3+rkHYY13jYWTU97c=
github.com/davecgh/go-spew v1.1.1/go.mod h1:J7Y8YcW2NihsgmVo/mv3lAwl/skON4iLHjSsI+c5H38=
github.com/deckarep/golang-set v1.7.1/go.mod h1:93vsz/8Wt4joVM7c2AVqh+YRMiUSc14yDtF28KmMOgQ=
github.com/dghubble/go-twitter v0.0.0-20220716041154-837915ec2f79 h1:Z9wtGrNgCDhG7u+hVTlcBl9jeNdSfqzvg3piJNR4VX0=
github.com/dghubble/go-twitter v0.0.0-20220716041154-837915ec2f79/go.mod h1:q7VYuSasPO79IE/QBNAMYVNlzZNy4Zr7vay6is50u5I=
github.com/dghubble/go-twitter v0.0.0-20220815161542-b9435e8fec44 h1:t9+Zl0UrwhRnlFHjr6gtvKH36FxQ3VQ+aKeXG8yOQE8=
github.com/dghubble/go-twitter v0.0.0-20220815161542-b9435e8fec44/go.mod h1:q7VYuSasPO79IE/QBNAMYVNlzZNy4Zr7vay6is50u5I=
github.com/dghubble/go-twitter v0.0.0-20220816163853-8a0df96f1e6d h1:qiUGPQxwkgoeDXtYaBEioXLEHffmBsRkM/9eum0vLS4=
github.com/dghubble/go-twitter v0.0.0-20220816163853-8a0df96f1e6d/go.mod h1:q7VYuSasPO79IE/QBNAMYVNlzZNy4Zr7vay6is50u5I=
github.com/dghubble/oauth1 v0.7.1 h1:JjbOVSVVkms9A4h/sTQy5Jb2nFuAAVb2qVYgenJPyrE=
github.com/dghubble/oauth1 v0.7.1/go.mod h1:0eEzON0UY/OLACQrmnjgJjmvCGXzjBCsZqL1kWDXtF0=
github.com/dghubble/sling v1.4.0 h1:/n8MRosVTthvMbwlNZgLx579OGVjUOy3GNEv5BIqAWY=
github.com/dghubble/sling v1.4.0/go.mod h1:0r40aNsU9EdDUVBNhfCstAtFgutjgJGYbO1oNzkMoM8=
github.com/dgrijalva/jwt-go v3.2.0+incompatible/go.mod h1:E3ru+11k8xSBh+hMPgOLZmtrrCbhqsmaPHjLKYnJCaQ=
github.com/dgryski/go-rendezvous v0.0.0-20200823014737-9f7001d12a5f h1:lO4WD4F/rVNCu3HqELle0jiPLLBs70cWOduZpkS1E78=
github.com/dgryski/go-rendezvous v0.0.0-20200823014737-9f7001d12a5f/go.mod h1:cuUVRXasLTGF7a8hSLbxyZXjz+1KgoB3wDUb6vlszIc=
github.com/facebookgo/ensure v0.0.0-20160127193407-b4ab57deab51 h1:0JZ+dUmQeA8IIVUMzysrX4/AKuQwWhV2dYQuPZdvdSQ=
github.com/facebookgo/ensure v0.0.0-20160127193407-b4ab57deab51/go.mod h1:Yg+htXGokKKdzcwhuNDwVvN+uBxDGXJ7G/VN1d8fa64=
github.com/facebookgo/stack v0.0.0-20160209184415-751773369052 h1:JWuenKqqX8nojtoVVWjGfOF9635RETekkoH6Cc9SX0A=
github.com/facebookgo/stack v0.0.0-20160209184415-751773369052/go.mod h1:UbMTZqLaRiH3MsBH8va0n7s1pQYcu3uTb8G4tygF4Zg=
github.com/facebookgo/subset v0.0.0-20150612182917-8dac2c3c4870 h1:E2s37DuLxFhQDg5gKsWoLBOB0n+ZW8s599zru8FJ2/Y=
github.com/facebookgo/subset v0.0.0-20150612182917-8dac2c3c4870/go.mod h1:5tD+neXqOorC30/tWg0LCSkrqj/AR6gu8yY8/fpw1q0=
github.com/fatih/structs v1.1.0 h1:Q7juDM0QtcnhCpeyLGQKyg4TOIghuNXrkL32pHAUMxo=
github.com/fatih/structs v1.1.0/go.mod h1:9NiDSp5zOcgEDl+j00MP/WkGVPOlPRLejGD8Ga6PJ7M=
github.com/frankban/quicktest v1.14.3 h1:FJKSZTDHjyhriyC81FLQ0LY93eSai0ZyR/ZIkd3ZUKE=
github.com/fsnotify/fsnotify v1.4.7/go.mod h1:jwhsz4b93w/PPRr/qN1Yymfu8t87LnFCMoQvtojpjFo=
github.com/fsnotify/fsnotify v1.4.9 h1:hsms1Qyu0jgnwNXIxa+/V/PDsU6CfLf6CNO8H7IWoS4=
github.com/fsnotify/fsnotify v1.4.9/go.mod h1:znqG4EE+3YCdAaPaxE2ZRY/06pZUdp0tY4IgpuI1SZQ=
github.com/go-lark/lark v1.7.2 h1:F2LlwbRrZVuHPs8lz1D7owDevUndPy88Hbw6ZXaho/A=
github.com/go-lark/lark v1.7.2/go.mod h1:6ltbSztPZRT6IaO9ZIQyVaY5pVp/KeMizDYtfZkU+vM=
github.com/go-redis/redis/v8 v8.11.6-0.20220405070650-99c79f7041fc h1:jZY+lpZB92nvBo2f31oPC/ivGll6NcsnEOORm8Fkr4M=
github.com/go-redis/redis/v8 v8.11.6-0.20220405070650-99c79f7041fc/go.mod h1:25mL1NKxbJhB63ihiK8MnNeTRd+xAizd6bOdydrTLUQ=
github.com/go-task/slim-sprig v0.0.0-20210107165309-348f09dbbbc0/go.mod h1:fyg7847qk6SyHyPtNmDHnmrv/HOrqktSC+C9fM+CJOE=
github.com/go-telegram-bot-api/telegram-bot-api v4.6.4+incompatible h1:2cauKuaELYAEARXRkq2LrJ0yDDv1rW7+wrTEdVL3uaU=
github.com/go-telegram-bot-api/telegram-bot-api v4.6.4+incompatible/go.mod h1:qf9acutJ8cwBUhm1bqgz6Bei9/C/c93FPDljKWwsOgM=
github.com/go-test/deep v1.0.4 h1:u2CU3YKy9I2pmu9pX0eq50wCgjfGIt539SqR7FbHiho=
github.com/go-test/deep v1.0.4/go.mod h1:wGDj63lr65AM2AQyKZd/NYHGb0R+1RLqB8NKt3aSFNA=
github.com/gofrs/uuid v4.2.0+incompatible h1:yyYWMnhkhrKwwr8gAOcOCYxOOscHgDS9yZgBrnJfGa0=
github.com/gofrs/uuid v4.2.0+incompatible/go.mod h1:b2aQJv3Z4Fp6yNu3cdSllBxTCLRxnplIgP/c0N/04lM=
github.com/golang/protobuf v1.2.0/go.mod h1:6lQm79b+lXiMfvg/cZm0SGofjICqVBUtrP5yJMmIC1U=
github.com/golang/protobuf v1.3.0/go.mod h1:Qd/q+1AKNOZr9uGQzbzCmRO6sUih6GTPZv6a1/R87v0=
github.com/golang/protobuf v1.3.1/go.mod h1:6lQm79b+lXiMfvg/cZm0SGofjICqVBUtrP5yJMmIC1U=
github.com/golang/protobuf v1.4.0-rc.1/go.mod h1:ceaxUfeHdC40wWswd/P6IGgMaK3YpKi5j83Wpe3EHw8=
github.com/golang/protobuf v1.4.0-rc.1.0.20200221234624-67d41d38c208/go.mod h1:xKAWHe0F5eneWXFV3EuXVDTCmh+JuBKY0li0aMyXATA=
github.com/golang/protobuf v1.4.0-rc.2/go.mod h1:LlEzMj4AhA7rCAGe4KMBDvJI+AwstrUpVNzEA03Pprs=
github.com/golang/protobuf v1.4.0-rc.4.0.20200313231945-b860323f09d0/go.mod h1:WU3c8KckQ9AFe+yFwt9sWVRKCVIyN9cPHBJSNnbL67w=
github.com/golang/protobuf v1.4.0/go.mod h1:jodUvKwWbYaEsadDk5Fwe5c77LiNKVO9IDvqG2KuDX0=
github.com/golang/protobuf v1.4.2/go.mod h1:oDoupMAO8OvCJWAcko0GGGIgR6R6ocIYbsSw735rRwI=
github.com/golang/protobuf v1.5.0/go.mod h1:FsONVRAS9T7sI+LIUmWTfcYkHO4aIWwzhcaSAoJOfIk=
github.com/golang/protobuf v1.5.2 h1:ROPKBNFfQgOUMifHyP+KYbvpjbdoFNs+aK7DXlji0Tw=
github.com/golang/protobuf v1.5.2/go.mod h1:XVQd3VNwM+JqD3oG2Ue2ip4fOMUkwXdXDdiuN0vRsmY=
github.com/google/go-cmp v0.3.0/go.mod h1:8QqcDgzrUqlUb/G2PQTWiueGozuR1884gddMywk6iLU=
github.com/google/go-cmp v0.3.1/go.mod h1:8QqcDgzrUqlUb/G2PQTWiueGozuR1884gddMywk6iLU=
github.com/google/go-cmp v0.4.0/go.mod h1:v8dTdLbMG2kIc/vJvl+f65V22dbkXbowE6jgT/gNBxE=
github.com/google/go-cmp v0.5.2/go.mod h1:v8dTdLbMG2kIc/vJvl+f65V22dbkXbowE6jgT/gNBxE=
github.com/google/go-cmp v0.5.5/go.mod h1:v8dTdLbMG2kIc/vJvl+f65V22dbkXbowE6jgT/gNBxE=
github.com/google/go-cmp v0.5.7/go.mod h1:n+brtR0CgQNWTVd5ZUFpTBC8YFBDLK/h/bpaJ8/DtOE=
github.com/google/go-cmp v0.5.8 h1:e6P7q2lk1O+qJJb4BtCQXlK8vWEO8V1ZeuEdJNOqZyg=
github.com/google/go-cmp v0.5.8/go.mod h1:17dUlkBOakJ0+DkrSSNjCkIjxS6bF9zb3elmeNGIjoY=
github.com/google/go-querystring v1.1.0 h1:AnCroh3fv4ZBgVIf1Iwtovgjaw/GiKJo8M8yD/fhyJ8=
github.com/google/go-querystring v1.1.0/go.mod h1:Kcdr2DB4koayq7X8pmAG4sNG59So17icRSOU623lUBU=
github.com/google/gofuzz v1.0.0/go.mod h1:dBl0BpW6vV/+mYPU4Po3pmUjxk6FQPldtuIdl/M65Eg=
github.com/google/pprof v0.0.0-20210407192527-94a9f03dee38/go.mod h1:kpwsk12EmLew5upagYY7GY0pfYCcupk39gWOCRROcvE=
github.com/google/uuid v0.0.0-20171113160352-8c31c18f31ed/go.mod h1:TIyPZe4MgqvfeYDBFedMoGGpEw/LqOeaOT+nhxU+yHo=
github.com/google/uuid v1.3.0 h1:t6JiXgmwXMjEs8VusXIJk2BXHsn+wx8BZdTaoZ5fu7I=
github.com/google/uuid v1.3.0/go.mod h1:TIyPZe4MgqvfeYDBFedMoGGpEw/LqOeaOT+nhxU+yHo=
github.com/gopackage/ddp v0.0.0-20170117053602-652027933df4 h1:4EZlYQIiyecYJlUbVkFXCXHz1QPhVXcHnQKAzBTPfQo=
github.com/gopackage/ddp v0.0.0-20170117053602-652027933df4/go.mod h1:lEO7XoHJ/xNRBCxrn4h/CEB67h0kW1B0t4ooP2yrjUA=
github.com/gorilla/mux v1.8.0 h1:i40aqfkR1h2SlN9hojwV5ZA91wcXFOvkdNIeFDP5koI=
github.com/gorilla/mux v1.8.0/go.mod h1:DVbg23sWSpFRCP0SfiEN6jmj59UnW/n46BH5rLB71So=
github.com/gorilla/websocket v1.4.0/go.mod h1:E7qHFY5m1UJ88s3WnNqhKjPHQ0heANvMoAMk2YaljkQ=
github.com/gorilla/websocket v1.4.1/go.mod h1:YR8l580nyteQvAITg2hZ9XVh4b55+EU/adAjf1fMHhE=
github.com/gorilla/websocket v1.4.2/go.mod h1:YR8l580nyteQvAITg2hZ9XVh4b55+EU/adAjf1fMHhE=
github.com/gorilla/websocket v1.5.0 h1:PPwGk2jz7EePpoHN/+ClbZu8SPxiqlu12wZP/3sWmnc=
github.com/gorilla/websocket v1.5.0/go.mod h1:YR8l580nyteQvAITg2hZ9XVh4b55+EU/adAjf1fMHhE=
github.com/h2non/parth v0.0.0-20190131123155-b4df798d6542 h1:2VTzZjLZBgl62/EtslCrtky5vbi9dd7HrQPQIx6wqiw=
github.com/h2non/parth v0.0.0-20190131123155-b4df798d6542/go.mod h1:Ow0tF8D4Kplbc8s8sSb3V2oUCygFHVp8gC3Dn6U4MNI=
github.com/hpcloud/tail v1.0.0/go.mod h1:ab1qPbhIpdTxEkNHXyeSf5vhxWSCs/tWer42PpOxQnU=
github.com/ianlancetaylor/demangle v0.0.0-20200824232613-28f6c0f3b639/go.mod h1:aSSvb/t6k1mPoxDqO4vJh6VOCGPwU4O0C2/Eqndh1Sc=
github.com/jmespath/go-jmespath v0.4.0 h1:BEgLn5cpjn8UN1mAw4NjwDrS35OdebyEtFe+9YPoQUg=
github.com/jmespath/go-jmespath v0.4.0/go.mod h1:T8mJZnbsbmF+m6zOOFylbeCJqk5+pHWvzYPziyZiYoo=
github.com/jmespath/go-jmespath/internal/testify v1.5.1 h1:shLQSRRSCCPj3f2gpwzGwWFoC7ycTf1rcQZHOlsJ6N8=
github.com/jmespath/go-jmespath/internal/testify v1.5.1/go.mod h1:L3OGu8Wl2/fWfCI6z80xFu9LTZmf1ZRjMHUOPmWr69U=
github.com/joho/godotenv v1.3.0 h1:Zjp+RcGpHhGlrMbJzXTrZZPrWj+1vfm90La1wgB6Bhc=
github.com/joho/godotenv v1.3.0/go.mod h1:7hK45KPybAkOC6peb+G5yklZfMxEjkZhHbwpqxOKXbg=
github.com/jordan-wright/email v4.0.1-0.20210109023952-943e75fe5223+incompatible h1:jdpOPRN1zP63Td1hDQbZW73xKmzDvZHzVdNYxhnTMDA=
github.com/jordan-wright/email v4.0.1-0.20210109023952-943e75fe5223+incompatible/go.mod h1:1c7szIrayyPPB/987hsnvNzLushdWf4o/79s3P08L8A=
github.com/json-iterator/go v1.1.10/go.mod h1:KdQUCv79m/52Kvf8AW2vK1V8akMuk1QjK/uOdHXbAo4=
github.com/json-iterator/go v1.1.12 h1:PV8peI4a0ysnczrg+LtxykD8LfKY9ML6u2jnxaEnrnM=
github.com/json-iterator/go v1.1.12/go.mod h1:e30LSqwooZae/UwlEbR2852Gd8hjQvJoHmT4TnhNGBo=
github.com/kevinburke/go-types v0.0.0-20210723172823-2deba1f80ba7 h1:K8qael4LemsmJCGt+ccI8b0fCNFDttmEu3qtpFt3G0M=
github.com/kevinburke/go-types v0.0.0-20210723172823-2deba1f80ba7/go.mod h1:/Pk5i/SqYdYv1cie5wGwoZ4P6TpgMi+Yf58mtJSHdOw=
github.com/kevinburke/rest v0.0.0-20210506044642-5611499aa33c h1:hnbwWED5rIu+UaMkLR3JtnscMVGqp35lfzQwLuZAAUY=
github.com/kevinburke/rest v0.0.0-20210506044642-5611499aa33c/go.mod h1:pD+iEcdAGVXld5foVN4e24zb/6fnb60tgZPZ3P/3T/I=
github.com/kevinburke/twilio-go v0.0.0-20220615032439-b0fe9b151b0e h1:2HUamy+op/UxwJxDIg19oy/tIO/2M2tSasvihvhex4s=
github.com/kevinburke/twilio-go v0.0.0-20220615032439-b0fe9b151b0e/go.mod h1:PDdDH7RSKjjy9iFyoMzfeChOSmXpXuMEUqmAJSihxx4=
github.com/kr/pretty v0.3.0 h1:WgNl7dwNpEZ6jJ9k1snq4pZsg7DOEN8hP9Xw0Tsjwk0=
github.com/kr/text v0.2.0 h1:5Nx0Ya0ZqY2ygV366QzturHI13Jq95ApcVaJBhpS+AY=
github.com/line/line-bot-sdk-go v7.8.0+incompatible h1:Uf9/OxV0zCVfqyvwZPH8CrdiHXXmMRa/L91G3btQblQ=
github.com/line/line-bot-sdk-go v7.8.0+incompatible/go.mod h1:0RjLjJEAU/3GIcHkC3av6O4jInAbt25nnZVmOFUgDBg=
github.com/mailgun/mailgun-go/v4 v4.8.1 h1:1+MdKakJuXnW2JJDbyPdO1ngAANOyHyVPxQvFF8Sq6c=
github.com/mailgun/mailgun-go/v4 v4.8.1/go.mod h1:FJlF9rI5cQT+mrwujtJjPMbIVy3Ebor9bKTVsJ0QU40=
github.com/mattn/go-colorable v0.1.1/go.mod h1:FuOcm+DKB9mbwrcAfNl7/TZVBZ6rcnceauSikq3lYCQ=
github.com/mattn/go-colorable v0.1.12 h1:jF+Du6AlPIjs2BiUiQlKOX0rt3SujHxPnksPKZbaA40=
github.com/mattn/go-colorable v0.1.12/go.mod h1:u5H1YNBxpqRaxsYJYSkiCWKzEfiAb1Gb520KVy5xxl4=
github.com/mattn/go-isatty v0.0.5/go.mod h1:Iq45c/XA43vh69/j3iqttzPXn0bhXyGjM0Hdxcsrc5s=
github.com/mattn/go-isatty v0.0.14 h1:yVuAays6BHfxijgZPzw+3Zlu5yQgKGP2/hcQbHb7S9Y=
github.com/mattn/go-isatty v0.0.14/go.mod h1:7GGIvUiUoEMVVmxf/4nioHXj79iQHKdU27kJ6hsGG94=
github.com/modern-go/concurrent v0.0.0-20180228061459-e0a39a4cb421/go.mod h1:6dJC0mAP4ikYIbvyc7fijjWJddQyLn8Ig3JB5CqoB9Q=
github.com/modern-go/concurrent v0.0.0-20180306012644-bacd9c7ef1dd h1:TRLaZ9cD/w8PVh93nsPXa1VrQ6jlwL5oN8l14QlcNfg=
github.com/modern-go/concurrent v0.0.0-20180306012644-bacd9c7ef1dd/go.mod h1:6dJC0mAP4ikYIbvyc7fijjWJddQyLn8Ig3JB5CqoB9Q=
github.com/modern-go/reflect2 v0.0.0-20180701023420-4b7aa43c6742/go.mod h1:bx2lNnkwVCuqBIxFjflWJWanXIb3RllmbCylyMrvgv0=
github.com/modern-go/reflect2 v1.0.2 h1:xBagoLtFs94CBntxluKeaWgTMpvLxC4ur3nMaC9Gz0M=
github.com/modern-go/reflect2 v1.0.2/go.mod h1:yWuevngMOJpCy52FWWMvUC8ws7m/LJsjYzDa0/r8luk=
github.com/nbio/st v0.0.0-20140626010706-e9e8d9816f32/go.mod h1:9wM+0iRr9ahx58uYLpLIr5fm8diHn0JbqRycJi6w0Ms=
github.com/nxadm/tail v1.4.4/go.mod h1:kenIhsEOeOJmVchQTgglprH7qJGnHDVpk1VPCcaMI8A=
github.com/nxadm/tail v1.4.8 h1:nPr65rt6Y5JFSKQO7qToXr7pePgD6Gwiw05lkbyAQTE=
github.com/nxadm/tail v1.4.8/go.mod h1:+ncqLTQzXmGhMZNUePPaPqPvBxHAIsmXswZKocGu+AU=
github.com/onsi/ginkgo v1.6.0/go.mod h1:lLunBs/Ym6LB5Z9jYTR76FiuTmxDTDusOGeTQH+WWjE=
github.com/onsi/ginkgo v1.12.1/go.mod h1:zj2OWP4+oCPe1qIXoGWkgMRwljMUYCdkwsT2108oapk=
github.com/onsi/ginkgo v1.14.1/go.mod h1:iSB4RoI2tjJc9BBv4NKIKWKya62Rps+oPG/Lv9klQyY=
github.com/onsi/ginkgo v1.16.4/go.mod h1:dX+/inL/fNMqNlz0e9LfyB9TswhZpCVdJM/Z6Vvnwo0=
github.com/onsi/ginkgo v1.16.5 h1:8xi0RTUf59SOSfEtZMvwTvXYMzG4gV23XVHOZiXNtnE=
github.com/onsi/ginkgo v1.16.5/go.mod h1:+E8gABHa3K6zRBolWtd+ROzc/U5bkGt0FwiG042wbpU=
github.com/onsi/ginkgo/v2 v2.1.3/go.mod h1:vw5CSIxN1JObi/U8gcbwft7ZxR2dgaR70JSE3/PpL4c=
github.com/onsi/gomega v1.7.1/go.mod h1:XdKZgCCFLUoM/7CFJVPcG8C1xQ1AJ0vpAezJrB7JYyY=
github.com/onsi/gomega v1.10.1/go.mod h1:iN09h71vgCQne3DLsj+A5owkum+a2tYe+TOCB1ybHNo=
github.com/onsi/gomega v1.10.2/go.mod h1:iN09h71vgCQne3DLsj+A5owkum+a2tYe+TOCB1ybHNo=
github.com/onsi/gomega v1.17.0/go.mod h1:HnhC7FXeEQY45zxNK3PPoIUhzk/80Xly9PcubAlGdZY=
github.com/onsi/gomega v1.19.0 h1:4ieX6qQjPP/BfC3mpsAtIGGlxTWPeA3Inl/7DtXw1tw=
github.com/onsi/gomega v1.19.0/go.mod h1:LY+I3pBVzYsTBU1AnDwOSxaYi9WoWiqgwooUqq9yPro=
github.com/pkg/errors v0.8.1-0.20161029093637-248dadf4e906/go.mod h1:bwawxfHBFNV+L2hUp1rHADufV3IMtnDRdf1r5NINEl0=
github.com/pkg/errors v0.8.1/go.mod h1:bwawxfHBFNV+L2hUp1rHADufV3IMtnDRdf1r5NINEl0=
github.com/pkg/errors v0.9.1 h1:FEBLx1zS214owpjy7qsBeixbURkuhQAwrK5UwLGTwt4=
github.com/pkg/errors v0.9.1/go.mod h1:bwawxfHBFNV+L2hUp1rHADufV3IMtnDRdf1r5NINEl0=
github.com/plivo/plivo-go/v7 v7.10.0 h1:WJpIcVBeMrZgBHwmXvkpytgLeQhA+GnB1Yzn86RlTUk=
github.com/plivo/plivo-go/v7 v7.10.0/go.mod h1:Jw1e16x0WjW334botVeKQT4hcMXMN55r4HH0XoGsR6Q=
github.com/plivo/plivo-go/v7 v7.11.0 h1:nOaRybcTdCJc5C0apDTSbiGTUgp3NIy8r9aGuR7uUoE=
github.com/plivo/plivo-go/v7 v7.11.0/go.mod h1:Jw1e16x0WjW334botVeKQT4hcMXMN55r4HH0XoGsR6Q=
github.com/pmezard/go-difflib v1.0.0 h1:4DBwDE0NGyQoBHbLQYPwSUPoCMWR5BEzIk/f1lZbAQM=
github.com/pmezard/go-difflib v1.0.0/go.mod h1:iKH77koFhYxTK1pcRnkKkqfTogsbg7gZNVY4sRDYZ/4=
github.com/rogpeppe/go-internal v1.6.1 h1:/FiVV8dS/e+YqF2JvO3yXRFbBLTIuSDkuC7aBOAvL+k=
github.com/sendgrid/rest v2.6.9+incompatible h1:1EyIcsNdn9KIisLW50MKwmSRSK+ekueiEMJ7NEoxJo0=
github.com/sendgrid/rest v2.6.9+incompatible/go.mod h1:kXX7q3jZtJXK5c5qK83bSGMdV6tsOE70KbHoqJls4lE=
github.com/sendgrid/sendgrid-go v3.11.1+incompatible h1:ai0+woZ3r/+tKLQExznak5XerOFoD6S7ePO0lMV8WXo=
github.com/sendgrid/sendgrid-go v3.11.1+incompatible/go.mod h1:QRQt+LX/NmgVEvmdRw0VT/QgUn499+iza2FnDca9fg8=
github.com/silenceper/wechat/v2 v2.1.3 h1:vMHnU9PG6wROTqkQI+HnBiEzriEEE+sbmGHg9cdb4yc=
github.com/silenceper/wechat/v2 v2.1.3/go.mod h1:FoU0YvegD+Z85TBGQhjkXjY8BMb0+cagbe9BqJ0fKhA=
github.com/sirupsen/logrus v1.8.1/go.mod h1:yWOB1SBYBC5VeMP7gHvWumXLIWorT60ONWic61uBYv0=
github.com/sirupsen/logrus v1.9.0 h1:trlNQbNUG3OdDrDil03MCb1H2o9nJ1x4/5LYw7byDE0=
github.com/sirupsen/logrus v1.9.0/go.mod h1:naHLuLoDiP4jHNo9R0sCBMtWGeIprob74mVsIT4qYEQ=
github.com/skip2/go-qrcode v0.0.0-20190110000554-dc11ecdae0a9/go.mod h1:PLPIyL7ikehBD1OAjmKKiOEhbvWyHGaNDjquXMcYABo=
github.com/skip2/go-qrcode v0.0.0-20200617195104-da1b6568686e h1:MRM5ITcdelLK2j1vwZ3Je0FKVCfqOLp5zO6trqMLYs0=
github.com/skip2/go-qrcode v0.0.0-20200617195104-da1b6568686e/go.mod h1:XV66xRDqSt+GTGFMVlhk3ULuV0y9ZmzeVGR4mloJI3M=
github.com/slack-go/slack v0.11.2 h1:IWl90Rk+jqPEVyiBytH27CSN/TFAg2vuDDfoPRog/nc=
github.com/slack-go/slack v0.11.2/go.mod h1:hlGi5oXA+Gt+yWTPP0plCdRKmjsDxecdHxYQdlMQKOw=
github.com/sony/sonyflake v1.0.0 h1:MpU6Ro7tfXwgn2l5eluf9xQvQJDROTBImNCfRXn/YeM=
github.com/sony/sonyflake v1.0.0/go.mod h1:Jv3cfhf/UFtolOTTRd3q4Nl6ENqM+KfyZ5PseKfZGF4=
github.com/spf13/cast v1.4.1/go.mod h1:Qx5cxh0v+4UWYiBimWS+eyWzqEqokIECu5etghLkUJE=
github.com/spf13/cast v1.5.0 h1:rj3WzYc11XZaIZMPKmwP96zkFEnnAmV8s6XbB2aY32w=
github.com/spf13/cast v1.5.0/go.mod h1:SpXXQ5YoyJw6s3/6cMTQuxvgRl3PCJiyaX9p6b155UU=
github.com/stretchr/objx v0.1.0/go.mod h1:HFkY916IF+rwdDfMAkV7OtwuqBVzrE8GR6GFx+wExME=
github.com/stretchr/objx v0.4.0 h1:M2gUjqZET1qApGOWNSnZ49BAIMX4F/1plDv3+l31EJ4=
github.com/stretchr/objx v0.4.0/go.mod h1:YvHI0jy2hoMjB+UWwv71VJQ9isScKT/TqJzVSSt89Yw=
github.com/stretchr/testify v1.2.2/go.mod h1:a8OnRcib4nhh0OaRAV+Yts87kKdq0PP7pXfy6kDkUVs=
github.com/stretchr/testify v1.3.0/go.mod h1:M5WIy9Dh21IEIfnGCwXGc5bZfKNJtfHm1UVUgZn+9EI=
github.com/stretchr/testify v1.5.1/go.mod h1:5W2xD1RspED5o8YsWQXVCued0rvSQ+mT+I5cxcmMvtA=
github.com/stretchr/testify v1.6.1/go.mod h1:6Fq8oRcR53rry900zMqJjRRixrwX3KX962/h/Wwjteg=
github.com/stretchr/testify v1.7.0/go.mod h1:6Fq8oRcR53rry900zMqJjRRixrwX3KX962/h/Wwjteg=
github.com/stretchr/testify v1.7.1/go.mod h1:6Fq8oRcR53rry900zMqJjRRixrwX3KX962/h/Wwjteg=
github.com/stretchr/testify v1.8.0 h1:pSgiaMZlXftHpm5L7V1+rVB+AZJydKsMxsQBIJw4PKk=
github.com/stretchr/testify v1.8.0/go.mod h1:yNjHg4UonilssWZ8iaSj1OCr/vHnekPRkoO+kdMU+MU=
github.com/technoweenie/multipartstreamer v1.0.1 h1:XRztA5MXiR1TIRHxH2uNxXxaIkKQDeX7m2XsSOlQEnM=
github.com/technoweenie/multipartstreamer v1.0.1/go.mod h1:jNVxdtShOxzAsukZwTSw6MDx5eUJoiEBsSvzDU9uzog=
github.com/textmagic/textmagic-rest-go-v2/v2 v2.0.3361 h1:D8+m/4Cp9XJijvP/fx4m82/McaCIKA5+ygHk7QUblsA=
github.com/textmagic/textmagic-rest-go-v2/v2 v2.0.3361/go.mod h1:PbP69y7uRiNdwtPE3/bVGDaPYA1sr4vuHaGLQAGzeW8=
github.com/tidwall/gjson v1.14.1 h1:iymTbGkQBhveq21bEvAQ81I0LEBork8BFe1CUZXdyuo=
github.com/tidwall/gjson v1.14.1/go.mod h1:/wbyibRr2FHMks5tjHJ5F8dMZh3AcwJEMf5vlfC0lxk=
github.com/tidwall/match v1.1.1 h1:+Ho715JplO36QYgwN9PGYNhgZvoUSc9X2c80KVTi+GA=
github.com/tidwall/match v1.1.1/go.mod h1:eRSPERbgtNPcGhD8UCthc6PmLEQXEWd3PRB5JTxsfmM=
github.com/tidwall/pretty v1.2.0 h1:RWIZEg2iJ8/g6fDDYzMpobmaoGh5OLl4AXtGUGPcqCs=
github.com/tidwall/pretty v1.2.0/go.mod h1:ITEVvHYasfjBbM0u2Pg8T2nJnzm8xPwvNhhsoaGGjNU=
github.com/ttacon/builder v0.0.0-20170518171403-c099f663e1c2 h1:5u+EJUQiosu3JFX0XS0qTf5FznsMOzTjGqavBGuCbo0=
github.com/ttacon/builder v0.0.0-20170518171403-c099f663e1c2/go.mod h1:4kyMkleCiLkgY6z8gK5BkI01ChBtxR0ro3I1ZDcGM3w=
github.com/ttacon/libphonenumber v1.2.1 h1:fzOfY5zUADkCkbIafAed11gL1sW+bJ26p6zWLBMElR4=
github.com/ttacon/libphonenumber v1.2.1/go.mod h1:E0TpmdVMq5dyVlQ7oenAkhsLu86OkUl+yR4OAxyEg/M=
github.com/utahta/go-linenotify v0.5.0 h1:E1tJaB/XhqRY/iz203FD0MaHm10DjQPOq5/Mem2A3Gs=
github.com/utahta/go-linenotify v0.5.0/go.mod h1:KsvBXil2wx+ByaCR0e+IZKTbp4pDesc7yjzRigLf6pE=
github.com/yuin/goldmark v1.2.1/go.mod h1:3hX8gzYuyVAZsxl0MRgGTJEmQBFcNTphYh9decYSb74=
golang.org/x/crypto v0.0.0-20190131182504-b8fe1690c613/go.mod h1:6SG95UA2DQfeDnfUPMdvaQW0Q7yPrPDi9nlGo2tz2b4=
golang.org/x/crypto v0.0.0-20190308221718-c2843e01d9a2/go.mod h1:djNgcEr1/C05ACkg1iLfiJU5Ep61QUkGW8qpdssI0+w=
golang.org/x/crypto v0.0.0-20191011191535-87dc89f01550/go.mod h1:yigFU9vqHzYiE8UmvKecakEJjdnWj3jj499lnFckfCI=
golang.org/x/crypto v0.0.0-20200622213623-75b288015ac9/go.mod h1:LzIPMQfyMNhhGPhUkYOs5KpL4U8rLKemX1yGLhDgUto=
golang.org/x/crypto v0.0.0-20210421170649-83a5a9bb288b/go.mod h1:T9bdIzuCu7OtxOm1hfPfRQxPLYneinmdGuTeoZ9dtd4=
golang.org/x/crypto v0.0.0-20220411220226-7b82a4e95df4/go.mod h1:IxCIyHEi3zRg3s0A5j5BB6A9Jmi73HwBIUl50j+osU4=
golang.org/x/crypto v0.0.0-20220722155217-630584e8d5aa h1:zuSxTR4o9y82ebqCUJYNGJbGPo6sKVl54f/TVDObg1c=
golang.org/x/crypto v0.0.0-20220722155217-630584e8d5aa/go.mod h1:IxCIyHEi3zRg3s0A5j5BB6A9Jmi73HwBIUl50j+osU4=
golang.org/x/mod v0.3.0/go.mod h1:s0Qsj1ACt9ePp/hMypM3fl4fZqREWJwdYDEqhRiZZUA=
golang.org/x/net v0.0.0-20171115151908-9dfe39835686/go.mod h1:mL1N/T3taQHkDXs73rZJwtUhF3w3ftmwwsq0BUmARs4=
golang.org/x/net v0.0.0-20180906233101-161cd47e91fd/go.mod h1:mL1N/T3taQHkDXs73rZJwtUhF3w3ftmwwsq0BUmARs4=
golang.org/x/net v0.0.0-20190404232315-eb5bcb51f2a3/go.mod h1:t9HGtf8HONx5eT2rtn7q6eTqICYqUVnKs3thJo3Qplg=
golang.org/x/net v0.0.0-20190603091049-60506f45cf65/go.mod h1:HSz+uSET+XFnRR8LxR5pz3Of3rY3CfYBVs4xY44aLks=
golang.org/x/net v0.0.0-20190620200207-3b0461eec859/go.mod h1:z5CRVTTTmAJ677TzLLGU+0bjPO0LkuOLi4/5GtJWs/s=
golang.org/x/net v0.0.0-20200520004742-59133d7f0dd7/go.mod h1:qpuaurCH72eLCgpAm/N6yyVIVM9cpaDIP3A8BGJEC5A=
golang.org/x/net v0.0.0-20200904194848-62affa334b73/go.mod h1:/O7V0waA8r7cgGh81Ro3o1hOxt32SMVPicZroKQ2sZA=
golang.org/x/net v0.0.0-20201021035429-f5854403a974/go.mod h1:sp8m0HH+o8qH0wwXwYZr8TS3Oi6o0r6Gce1SSxlDquU=
golang.org/x/net v0.0.0-20210226172049-e18ecbb05110/go.mod h1:m0MpNAwzfU5UDzcl9v0D8zg8gWTRqZa9RBIspLL5mdg=
golang.org/x/net v0.0.0-20210428140749-89ef3d95e781/go.mod h1:OJAsFXCWl8Ukc7SiCT/9KSuxbyM7479/AVlXFRxuMCk=
golang.org/x/net v0.0.0-20211112202133-69e39bad7dc2/go.mod h1:9nx3DQGgdP8bBQD5qxJ1jj9UTztislL4KSBs9R2vV5Y=
golang.org/x/net v0.0.0-20220225172249-27dd8689420f/go.mod h1:CfG3xpIq0wQ8r1q4Su4UZFWDARRcnwPjda9FqA0JpMk=
golang.org/x/net v0.0.0-20220802222814-0bcc04d9c69b h1:3ogNYyK4oIQdIKzTu68hQrr4iuVxF3AxKl9Aj/eDrw0=
golang.org/x/net v0.0.0-20220802222814-0bcc04d9c69b/go.mod h1:YDH+HFinaLZZlnHAfSS6ZXJJ9M9t4Dl22yv3iI2vPwk=
golang.org/x/oauth2 v0.0.0-20220722155238-128564f6959c h1:q3gFqPqH7NVofKo3c3yETAP//pPI+G5mvB7qqj1Y5kY=
golang.org/x/oauth2 v0.0.0-20220722155238-128564f6959c/go.mod h1:h4gKUeWbJ4rQPri7E0u6Gs4e9Ri2zaLxzw5DI5XGrYg=
golang.org/x/sync v0.0.0-20171101214715-fd80eb99c8f6/go.mod h1:RxMgew5VJxzue5/jJTE5uejpjVlOe/izrB70Jof72aM=
golang.org/x/sync v0.0.0-20180314180146-1d60e4601c6f/go.mod h1:RxMgew5VJxzue5/jJTE5uejpjVlOe/izrB70Jof72aM=
golang.org/x/sync v0.0.0-20181221193216-37e7f081c4d4/go.mod h1:RxMgew5VJxzue5/jJTE5uejpjVlOe/izrB70Jof72aM=
golang.org/x/sync v0.0.0-20190423024810-112230192c58/go.mod h1:RxMgew5VJxzue5/jJTE5uejpjVlOe/izrB70Jof72aM=
golang.org/x/sync v0.0.0-20201020160332-67f06af15bc9/go.mod h1:RxMgew5VJxzue5/jJTE5uejpjVlOe/izrB70Jof72aM=
golang.org/x/sync v0.0.0-20220722155255-886fb9371eb4 h1:uVc8UZUe6tr40fFVnUP5Oj+veunVezqYl9z7DYw9xzw=
golang.org/x/sync v0.0.0-20220722155255-886fb9371eb4/go.mod h1:RxMgew5VJxzue5/jJTE5uejpjVlOe/izrB70Jof72aM=
golang.org/x/sync v0.0.0-20220819030929-7fc1605a5dde h1:ejfdSekXMDxDLbRrJMwUk6KnSLZ2McaUCVcIKM+N6jc=
golang.org/x/sync v0.0.0-20220819030929-7fc1605a5dde/go.mod h1:RxMgew5VJxzue5/jJTE5uejpjVlOe/izrB70Jof72aM=
golang.org/x/sys v0.0.0-20180909124046-d0be0721c37e/go.mod h1:STP8DvDyc/dI5b8T5hshtkjS+E42TnysNCUPdjciGhY=
golang.org/x/sys v0.0.0-20190215142949-d0b11bdaac8a/go.mod h1:STP8DvDyc/dI5b8T5hshtkjS+E42TnysNCUPdjciGhY=
golang.org/x/sys v0.0.0-20190222072716-a9d3bda3a223/go.mod h1:STP8DvDyc/dI5b8T5hshtkjS+E42TnysNCUPdjciGhY=
golang.org/x/sys v0.0.0-20190412213103-97732733099d/go.mod h1:h1NjWce9XRLGQEsW7wpKNCjG9DtNlClVuFLEZdDNbEs=
golang.org/x/sys v0.0.0-20190904154756-749cb33beabd/go.mod h1:h1NjWce9XRLGQEsW7wpKNCjG9DtNlClVuFLEZdDNbEs=
golang.org/x/sys v0.0.0-20191005200804-aed5e4c7ecf9/go.mod h1:h1NjWce9XRLGQEsW7wpKNCjG9DtNlClVuFLEZdDNbEs=
golang.org/x/sys v0.0.0-20191026070338-33540a1f6037/go.mod h1:h1NjWce9XRLGQEsW7wpKNCjG9DtNlClVuFLEZdDNbEs=
golang.org/x/sys v0.0.0-20191120155948-bd437916bb0e/go.mod h1:h1NjWce9XRLGQEsW7wpKNCjG9DtNlClVuFLEZdDNbEs=
golang.org/x/sys v0.0.0-20191204072324-ce4227a45e2e/go.mod h1:h1NjWce9XRLGQEsW7wpKNCjG9DtNlClVuFLEZdDNbEs=
golang.org/x/sys v0.0.0-20200323222414-85ca7c5b95cd/go.mod h1:h1NjWce9XRLGQEsW7wpKNCjG9DtNlClVuFLEZdDNbEs=
golang.org/x/sys v0.0.0-20200519105757-fe76b779f299/go.mod h1:h1NjWce9XRLGQEsW7wpKNCjG9DtNlClVuFLEZdDNbEs=
golang.org/x/sys v0.0.0-20200930185726-fdedc70b468f/go.mod h1:h1NjWce9XRLGQEsW7wpKNCjG9DtNlClVuFLEZdDNbEs=
golang.org/x/sys v0.0.0-20201119102817-f84b799fce68/go.mod h1:h1NjWce9XRLGQEsW7wpKNCjG9DtNlClVuFLEZdDNbEs=
golang.org/x/sys v0.0.0-20210112080510-489259a85091/go.mod h1:h1NjWce9XRLGQEsW7wpKNCjG9DtNlClVuFLEZdDNbEs=
golang.org/x/sys v0.0.0-20210423082822-04245dca01da/go.mod h1:h1NjWce9XRLGQEsW7wpKNCjG9DtNlClVuFLEZdDNbEs=
golang.org/x/sys v0.0.0-20210615035016-665e8c7367d1/go.mod h1:oPkhp1MJrh7nUepCBck5+mAzfO9JrbApNNgaTdGDITg=
golang.org/x/sys v0.0.0-20210630005230-0f9fa26af87c/go.mod h1:oPkhp1MJrh7nUepCBck5+mAzfO9JrbApNNgaTdGDITg=
golang.org/x/sys v0.0.0-20210927094055-39ccf1dd6fa6/go.mod h1:oPkhp1MJrh7nUepCBck5+mAzfO9JrbApNNgaTdGDITg=
golang.org/x/sys v0.0.0-20211216021012-1d35b9e2eb4e/go.mod h1:oPkhp1MJrh7nUepCBck5+mAzfO9JrbApNNgaTdGDITg=
golang.org/x/sys v0.0.0-20220715151400-c0bba94af5f8/go.mod h1:oPkhp1MJrh7nUepCBck5+mAzfO9JrbApNNgaTdGDITg=
golang.org/x/sys v0.0.0-20220803195053-6e608f9ce704 h1:Y7NOhdqIOU8kYI7BxsgL38d0ot0raxvcW+EMQU2QrT4=
golang.org/x/sys v0.0.0-20220803195053-6e608f9ce704/go.mod h1:oPkhp1MJrh7nUepCBck5+mAzfO9JrbApNNgaTdGDITg=
golang.org/x/term v0.0.0-20201126162022-7de9c90e9dd1/go.mod h1:bj7SfCRtBDWHUb9snDiAeCFNEtKQo2Wmx5Cou7ajbmo=
golang.org/x/term v0.0.0-20210927222741-03fcf44c2211/go.mod h1:jbD1KX2456YbFQfuXm/mYQcufACuNUgVhRMnK/tPxf8=
golang.org/x/text v0.3.0/go.mod h1:NqM8EUOU14njkJ3fqMW+pc6Ldnwhi/IjpwHt7yyuwOQ=
golang.org/x/text v0.3.2/go.mod h1:bEr9sfX3Q8Zfm5fL9x+3itogRgK3+ptLWKqgva+5dAk=
golang.org/x/text v0.3.3/go.mod h1:5Zoc/QRtKVWzQhOtBMvqHzDpF6irO9z98xDceosuGiQ=
golang.org/x/text v0.3.6/go.mod h1:5Zoc/QRtKVWzQhOtBMvqHzDpF6irO9z98xDceosuGiQ=
golang.org/x/text v0.3.7 h1:olpwvP2KacW1ZWvsR7uQhoyTYvKAupfQrRGBFM352Gk=
golang.org/x/text v0.3.7/go.mod h1:u+2+/6zg+i71rQMx5EYifcz6MCKuco9NR6JIITiCfzQ=
golang.org/x/tools v0.0.0-20180917221912-90fa682c2a6e/go.mod h1:n7NCudcB/nEzxVGmLbDWY5pfWTLqBcC2KZ6jyYvM4mQ=
golang.org/x/tools v0.0.0-20191119224855-298f0cb1881e/go.mod h1:b+2E5dAYhXwXZwtnZ6UAqBI28+e2cm9otk0dWdXHAEo=
golang.org/x/tools v0.0.0-20201224043029-2b0845dc783e/go.mod h1:emZCQorbCU4vsT4fOWvOPXz4eW1wZW4PmDk9uLelYpA=
golang.org/x/xerrors v0.0.0-20190717185122-a985d3407aa7/go.mod h1:I/5z698sn9Ka8TeJc9MKroUUfqBBauWjQqLJ2OPfmY0=
golang.org/x/xerrors v0.0.0-20191011141410-1b5146add898/go.mod h1:I/5z698sn9Ka8TeJc9MKroUUfqBBauWjQqLJ2OPfmY0=
golang.org/x/xerrors v0.0.0-20191204190536-9bdfabe68543/go.mod h1:I/5z698sn9Ka8TeJc9MKroUUfqBBauWjQqLJ2OPfmY0=
golang.org/x/xerrors v0.0.0-20200804184101-5ec99f83aff1/go.mod h1:I/5z698sn9Ka8TeJc9MKroUUfqBBauWjQqLJ2OPfmY0=
google.golang.org/appengine v1.6.7 h1:FZR1q0exgwxzPzp/aF+VccGrSfxfPpkBqjIIEq3ru6c=
google.golang.org/appengine v1.6.7/go.mod h1:8WjMMxjGQR8xUklV/ARdw2HLXBOI7O7uCIDZVag1xfc=
google.golang.org/genproto v0.0.0-20180831171423-11092d34479b/go.mod h1:JiN7NxoALGmiZfu7CAH4rXhgtRTLTxftemlI0sWmxmc=
google.golang.org/protobuf v0.0.0-20200109180630-ec00e32a8dfd/go.mod h1:DFci5gLYBciE7Vtevhsrf46CRTquxDuWsQurQQe4oz8=
google.golang.org/protobuf v0.0.0-20200221191635-4d8936d0db64/go.mod h1:kwYJMbMJ01Woi6D6+Kah6886xMZcty6N08ah7+eCXa0=
google.golang.org/protobuf v0.0.0-20200228230310-ab0ca4ff8a60/go.mod h1:cfTl7dwQJ+fmap5saPgwCLgHXTUD7jkjRqWcaiX5VyM=
google.golang.org/protobuf v1.20.1-0.20200309200217-e05f789c0967/go.mod h1:A+miEFZTKqfCUM6K7xSMQL9OKL/b6hQv+e19PK+JZNE=
google.golang.org/protobuf v1.21.0/go.mod h1:47Nbq4nVaFHyn7ilMalzfO3qCViNmqZ2kzikPIcrTAo=
google.golang.org/protobuf v1.23.0/go.mod h1:EGpADcykh3NcUnDUJcl1+ZksZNG86OlYog2l/sGQquU=
google.golang.org/protobuf v1.26.0-rc.1/go.mod h1:jlhhOSvTdKEhbULTjvd4ARK9grFBp09yW+WbY/TyQbw=
google.golang.org/protobuf v1.26.0/go.mod h1:9q0QmTI4eRPtz6boOQmLYwt+qCgq0jsYwAQnmE0givc=
google.golang.org/protobuf v1.28.1 h1:d0NfwRgPtno5B1Wa6L2DAG+KivqkdutMf1UhdNx175w=
google.golang.org/protobuf v1.28.1/go.mod h1:HV8QOd/L58Z+nl8r43ehVNZIU/HEI6OcFqwMG9pJV4I=
gopkg.in/check.v1 v0.0.0-20161208181325-20d25e280405 h1:yhCVgyC4o1eVCa2tZl7eS0r+SDo693bJlVdllGtEeKM=
gopkg.in/check.v1 v0.0.0-20161208181325-20d25e280405/go.mod h1:Co6ibVJAznAaIkqp8huTwlJQCZ016jof/cbN4VW5Yz0=
gopkg.in/fsnotify.v1 v1.4.7/go.mod h1:Tz8NjZHkW78fSQdbUxIjBTcgA1z1m8ZHf0WmKUhAMys=
gopkg.in/h2non/gock.v1 v1.1.2 h1:jBbHXgGBK/AoPVfJh5x4r/WxIrElvbLel8TCZkkZJoY=
gopkg.in/h2non/gock.v1 v1.1.2/go.mod h1:n7UGz/ckNChHiK05rDoiC4MYSunEC/lyaUm2WWaDva0=
gopkg.in/tomb.v1 v1.0.0-20141024135613-dd632973f1e7 h1:uRGJdciOHaEIrze2W8Q3AKkepLTh2hOroT7a+7czfdQ=
gopkg.in/tomb.v1 v1.0.0-20141024135613-dd632973f1e7/go.mod h1:dt/ZhP58zS4L8KSrWDmTeBkI65Dw0HsyUHuEVlX15mw=
gopkg.in/yaml.v2 v2.2.2/go.mod h1:hI93XBmqTisBFMUTm0b8Fm+jr3Dg1NNxqwp+5A1VGuI=
gopkg.in/yaml.v2 v2.2.4/go.mod h1:hI93XBmqTisBFMUTm0b8Fm+jr3Dg1NNxqwp+5A1VGuI=
gopkg.in/yaml.v2 v2.2.8/go.mod h1:hI93XBmqTisBFMUTm0b8Fm+jr3Dg1NNxqwp+5A1VGuI=
gopkg.in/yaml.v2 v2.3.0/go.mod h1:hI93XBmqTisBFMUTm0b8Fm+jr3Dg1NNxqwp+5A1VGuI=
gopkg.in/yaml.v2 v2.4.0 h1:D8xgwECY7CYvx+Y2n4sBz93Jn9JRvxdiyyo8CTfuKaY=
gopkg.in/yaml.v2 v2.4.0/go.mod h1:RDklbk79AGWmwhnvt/jBztapEOGDOx6ZbXqjP6csGnQ=
gopkg.in/yaml.v3 v3.0.0-20200313102051-9f266ea9e77c/go.mod h1:K4uyk7z7BCEPqu6E+C64Yfv1cQ7kz7rIZviUmN+EgEM=
gopkg.in/yaml.v3 v3.0.0-20210107192922-496545a6307b/go.mod h1:K4uyk7z7BCEPqu6E+C64Yfv1cQ7kz7rIZviUmN+EgEM=
gopkg.in/yaml.v3 v3.0.1 h1:fxVm/GzAzEWqLHuvctI91KS9hhNmmWOoWu0XTYJS7CA=
gopkg.in/yaml.v3 v3.0.1/go.mod h1:K4uyk7z7BCEPqu6E+C64Yfv1cQ7kz7rIZviUmN+EgEM=
